
Microsoft Visual Studio Solution File, Format Version 12.00
# Visual Studio 14
VisualStudioVersion = 14.0.25420.1
MinimumVisualStudioVersion = 10.0.40219.1
Project("{FAE04EC0-301F-11D3-BF4B-00C04F79EFBC}") = "BlackJackLibrary", "BlackJackLibrary\BlackJackLibrary.csproj", "{BC988917-C40D-4343-B477-05BAE4357815}"
EndProject
Project("{FAE04EC0-301F-11D3-BF4B-00C04F79EFBC}") = "BlackJack", "BlackJack\BlackJack.csproj", "{8A89DCCE-A9B7-48BB-BD7B-3D75432E3D94}"
EndProject
Project("{FAE04EC0-301F-11D3-BF4B-00C04F79EFBC}") = "BlackjackWindowsForm", "BlackjackWindowsForm\BlackjackWindowsForm.csproj", "{CF1FA644-D586-4BBF-8A8C-8E4359F6D57C}"
EndProject
Global
	GlobalSection(SolutionConfigurationPlatforms) = preSolution
		Debug|Any CPU = Debug|Any CPU
		Release|Any CPU = Release|Any CPU
	EndGlobalSection
	GlobalSection(ProjectConfigurationPlatforms) = postSolution
		{BC988917-C40D-4343-B477-05BAE4357815}.Debug|Any CPU.ActiveCfg = Debug|Any CPU
		{BC988917-C40D-4343-B477-05BAE4357815}.Debug|Any CPU.Build.0 = Debug|Any CPU
		{BC988917-C40D-4343-B477-05BAE4357815}.Release|Any CPU.ActiveCfg = Release|Any CPU
		{BC988917-C40D-4343-B477-05BAE4357815}.Release|Any CPU.Build.0 = Release|Any CPU
		{8A89DCCE-A9B7-48BB-BD7B-3D75432E3D94}.Debug|Any CPU.ActiveCfg = Debug|Any CPU
		{8A89DCCE-A9B7-48BB-BD7B-3D75432E3D94}.Debug|Any CPU.Build.0 = Debug|Any CPU
		{8A89DCCE-A9B7-48BB-BD7B-3D75432E3D94}.Release|Any CPU.ActiveCfg = Release|Any CPU
		{8A89DCCE-A9B7-48BB-BD7B-3D75432E3D94}.Release|Any CPU.Build.0 = Release|Any CPU
		{CF1FA644-D586-4BBF-8A8C-8E4359F6D57C}.Debug|Any CPU.ActiveCfg = Debug|Any CPU
		{CF1FA644-D586-4BBF-8A8C-8E4359F6D57C}.Debug|Any CPU.Build.0 = Debug|Any CPU
		{CF1FA644-D586-4BBF-8A8C-8E4359F6D57C}.Release|Any CPU.ActiveCfg = Release|Any CPU
		{CF1FA644-D586-4BBF-8A8C-8E4359F6D57C}.Release|Any CPU.Build.0 = Release|Any CPU
	EndGlobalSection
	GlobalSection(SolutionProperties) = preSolution
		HideSolutionNode = FALSE
	EndGlobalSection
EndGlobal
