
Microsoft Visual Studio Solution File, Format Version 12.00
# Visual Studio 14
VisualStudioVersion = 14.0.25420.1
MinimumVisualStudioVersion = 10.0.40219.1
Project("{FAE04EC0-301F-11D3-BF4B-00C04F79EFBC}") = "CampoMinatoLibrary", "CampoMinato\CampoMinatoLibrary.csproj", "{708DAFC4-E48A-4BC3-88FB-70F1A6CF8933}"
EndProject
Project("{FAE04EC0-301F-11D3-BF4B-00C04F79EFBC}") = "CampoMinatoWF", "CampoMinatoWF\CampoMinatoWF.csproj", "{F2C28F2B-E4E9-48C4-ACE1-0F95232F54F3}"
EndProject
Global
	GlobalSection(SolutionConfigurationPlatforms) = preSolution
		Debug|Any CPU = Debug|Any CPU
		Release|Any CPU = Release|Any CPU
	EndGlobalSection
	GlobalSection(ProjectConfigurationPlatforms) = postSolution
		{708DAFC4-E48A-4BC3-88FB-70F1A6CF8933}.Debug|Any CPU.ActiveCfg = Debug|Any CPU
		{708DAFC4-E48A-4BC3-88FB-70F1A6CF8933}.Debug|Any CPU.Build.0 = Debug|Any CPU
		{708DAFC4-E48A-4BC3-88FB-70F1A6CF8933}.Release|Any CPU.ActiveCfg = Release|Any CPU
		{708DAFC4-E48A-4BC3-88FB-70F1A6CF8933}.Release|Any CPU.Build.0 = Release|Any CPU
		{F2C28F2B-E4E9-48C4-ACE1-0F95232F54F3}.Debug|Any CPU.ActiveCfg = Debug|Any CPU
		{F2C28F2B-E4E9-48C4-ACE1-0F95232F54F3}.Debug|Any CPU.Build.0 = Debug|Any CPU
		{F2C28F2B-E4E9-48C4-ACE1-0F95232F54F3}.Release|Any CPU.ActiveCfg = Release|Any CPU
		{F2C28F2B-E4E9-48C4-ACE1-0F95232F54F3}.Release|Any CPU.Build.0 = Release|Any CPU
	EndGlobalSection
	GlobalSection(SolutionProperties) = preSolution
		HideSolutionNode = FALSE
	EndGlobalSection
EndGlobal
